
Microsoft Visual Studio Solution File, Format Version 12.00
# Visual Studio Version 17
VisualStudioVersion = 17.7.34031.279
MinimumVisualStudioVersion = 10.0.40219.1
Project("{FAE04EC0-301F-11D3-BF4B-00C04F79EFBC}") = "net-il-mio-fotoalbum", "net-il-mio-fotoalbum\net-il-mio-fotoalbum.csproj", "{88EC8E6F-9820-4A0A-8350-4F52324E85D9}"
EndProject
Global
	GlobalSection(SolutionConfigurationPlatforms) = preSolution
		Debug|Any CPU = Debug|Any CPU
		Release|Any CPU = Release|Any CPU
	EndGlobalSection
	GlobalSection(ProjectConfigurationPlatforms) = postSolution
		{88EC8E6F-9820-4A0A-8350-4F52324E85D9}.Debug|Any CPU.ActiveCfg = Debug|Any CPU
		{88EC8E6F-9820-4A0A-8350-4F52324E85D9}.Debug|Any CPU.Build.0 = Debug|Any CPU
		{88EC8E6F-9820-4A0A-8350-4F52324E85D9}.Release|Any CPU.ActiveCfg = Release|Any CPU
		{88EC8E6F-9820-4A0A-8350-4F52324E85D9}.Release|Any CPU.Build.0 = Release|Any CPU
	EndGlobalSection
	GlobalSection(SolutionProperties) = preSolution
		HideSolutionNode = FALSE
	EndGlobalSection
	GlobalSection(ExtensibilityGlobals) = postSolution
		SolutionGuid = {133B3667-FE54-488E-8CB1-5B731E0E20DC}
	EndGlobalSection
EndGlobal
